
Microsoft Visual Studio Solution File, Format Version 12.00
# Visual Studio Version 16
VisualStudioVersion = 16.0.29306.81
MinimumVisualStudioVersion = 10.0.40219.1
Project("{FAE04EC0-301F-11D3-BF4B-00C04F79EFBC}") = "Chapter2.Android", "Chapter2\Chapter2.Android\Chapter2.Android.csproj", "{D3E5777A-E086-4458-A26B-A7894EF54EED}"
EndProject
Project("{FAE04EC0-301F-11D3-BF4B-00C04F79EFBC}") = "Chapter2.iOS", "Chapter2\Chapter2.iOS\Chapter2.iOS.csproj", "{B218E2AC-5F9C-4C2B-ADB2-F3DE81F983ED}"
EndProject
Project("{FAE04EC0-301F-11D3-BF4B-00C04F79EFBC}") = "Chapter2", "Chapter2\Chapter2\Chapter2.csproj", "{1F263DD5-BA46-4271-8C0C-8AB47A688DC0}"
EndProject
Global
	GlobalSection(SolutionConfigurationPlatforms) = preSolution
		Debug|Any CPU = Debug|Any CPU
		Debug|iPhone = Debug|iPhone
		Debug|iPhoneSimulator = Debug|iPhoneSimulator
		Release|Any CPU = Release|Any CPU
		Release|iPhone = Release|iPhone
		Release|iPhoneSimulator = Release|iPhoneSimulator
	EndGlobalSection
	GlobalSection(ProjectConfigurationPlatforms) = postSolution
		{D3E5777A-E086-4458-A26B-A7894EF54EED}.Debug|Any CPU.ActiveCfg = Debug|Any CPU
		{D3E5777A-E086-4458-A26B-A7894EF54EED}.Debug|Any CPU.Build.0 = Debug|Any CPU
		{D3E5777A-E086-4458-A26B-A7894EF54EED}.Debug|Any CPU.Deploy.0 = Debug|Any CPU
		{D3E5777A-E086-4458-A26B-A7894EF54EED}.Debug|iPhone.ActiveCfg = Debug|Any CPU
		{D3E5777A-E086-4458-A26B-A7894EF54EED}.Debug|iPhone.Build.0 = Debug|Any CPU
		{D3E5777A-E086-4458-A26B-A7894EF54EED}.Debug|iPhone.Deploy.0 = Debug|Any CPU
		{D3E5777A-E086-4458-A26B-A7894EF54EED}.Debug|iPhoneSimulator.ActiveCfg = Debug|Any CPU
		{D3E5777A-E086-4458-A26B-A7894EF54EED}.Debug|iPhoneSimulator.Build.0 = Debug|Any CPU
		{D3E5777A-E086-4458-A26B-A7894EF54EED}.Debug|iPhoneSimulator.Deploy.0 = Debug|Any CPU
		{D3E5777A-E086-4458-A26B-A7894EF54EED}.Release|Any CPU.ActiveCfg = Release|Any CPU
		{D3E5777A-E086-4458-A26B-A7894EF54EED}.Release|Any CPU.Build.0 = Release|Any CPU
		{D3E5777A-E086-4458-A26B-A7894EF54EED}.Release|Any CPU.Deploy.0 = Release|Any CPU
		{D3E5777A-E086-4458-A26B-A7894EF54EED}.Release|iPhone.ActiveCfg = Release|Any CPU
		{D3E5777A-E086-4458-A26B-A7894EF54EED}.Release|iPhone.Build.0 = Release|Any CPU
		{D3E5777A-E086-4458-A26B-A7894EF54EED}.Release|iPhone.Deploy.0 = Release|Any CPU
		{D3E5777A-E086-4458-A26B-A7894EF54EED}.Release|iPhoneSimulator.ActiveCfg = Release|Any CPU
		{D3E5777A-E086-4458-A26B-A7894EF54EED}.Release|iPhoneSimulator.Build.0 = Release|Any CPU
		{D3E5777A-E086-4458-A26B-A7894EF54EED}.Release|iPhoneSimulator.Deploy.0 = Release|Any CPU
		{B218E2AC-5F9C-4C2B-ADB2-F3DE81F983ED}.Debug|Any CPU.ActiveCfg = Debug|iPhoneSimulator
		{B218E2AC-5F9C-4C2B-ADB2-F3DE81F983ED}.Debug|Any CPU.Build.0 = Debug|iPhoneSimulator
		{B218E2AC-5F9C-4C2B-ADB2-F3DE81F983ED}.Debug|Any CPU.Deploy.0 = Debug|iPhoneSimulator
		{B218E2AC-5F9C-4C2B-ADB2-F3DE81F983ED}.Debug|iPhone.ActiveCfg = Debug|iPhone
		{B218E2AC-5F9C-4C2B-ADB2-F3DE81F983ED}.Debug|iPhone.Build.0 = Debug|iPhone
		{B218E2AC-5F9C-4C2B-ADB2-F3DE81F983ED}.Debug|iPhone.Deploy.0 = Debug|iPhone
		{B218E2AC-5F9C-4C2B-ADB2-F3DE81F983ED}.Debug|iPhoneSimulator.ActiveCfg = Debug|iPhoneSimulator
		{B218E2AC-5F9C-4C2B-ADB2-F3DE81F983ED}.Debug|iPhoneSimulator.Build.0 = Debug|iPhoneSimulator
		{B218E2AC-5F9C-4C2B-ADB2-F3DE81F983ED}.Debug|iPhoneSimulator.Deploy.0 = Debug|iPhoneSimulator
		{B218E2AC-5F9C-4C2B-ADB2-F3DE81F983ED}.Release|Any CPU.ActiveCfg = Release|iPhone
		{B218E2AC-5F9C-4C2B-ADB2-F3DE81F983ED}.Release|Any CPU.Build.0 = Release|iPhone
		{B218E2AC-5F9C-4C2B-ADB2-F3DE81F983ED}.Release|Any CPU.Deploy.0 = Release|iPhone
		{B218E2AC-5F9C-4C2B-ADB2-F3DE81F983ED}.Release|iPhone.ActiveCfg = Release|iPhone
		{B218E2AC-5F9C-4C2B-ADB2-F3DE81F983ED}.Release|iPhone.Build.0 = Release|iPhone
		{B218E2AC-5F9C-4C2B-ADB2-F3DE81F983ED}.Release|iPhone.Deploy.0 = Release|iPhone
		{B218E2AC-5F9C-4C2B-ADB2-F3DE81F983ED}.Release|iPhoneSimulator.ActiveCfg = Release|iPhoneSimulator
		{B218E2AC-5F9C-4C2B-ADB2-F3DE81F983ED}.Release|iPhoneSimulator.Build.0 = Release|iPhoneSimulator
		{B218E2AC-5F9C-4C2B-ADB2-F3DE81F983ED}.Release|iPhoneSimulator.Deploy.0 = Release|iPhoneSimulator
		{1F263DD5-BA46-4271-8C0C-8AB47A688DC0}.Debug|Any CPU.ActiveCfg = Debug|Any CPU
		{1F263DD5-BA46-4271-8C0C-8AB47A688DC0}.Debug|Any CPU.Build.0 = Debug|Any CPU
		{1F263DD5-BA46-4271-8C0C-8AB47A688DC0}.Debug|Any CPU.Deploy.0 = Debug|Any CPU
		{1F263DD5-BA46-4271-8C0C-8AB47A688DC0}.Debug|iPhone.ActiveCfg = Debug|Any CPU
		{1F263DD5-BA46-4271-8C0C-8AB47A688DC0}.Debug|iPhone.Build.0 = Debug|Any CPU
		{1F263DD5-BA46-4271-8C0C-8AB47A688DC0}.Debug|iPhone.Deploy.0 = Debug|Any CPU
		{1F263DD5-BA46-4271-8C0C-8AB47A688DC0}.Debug|iPhoneSimulator.ActiveCfg = Debug|Any CPU
		{1F263DD5-BA46-4271-8C0C-8AB47A688DC0}.Debug|iPhoneSimulator.Build.0 = Debug|Any CPU
		{1F263DD5-BA46-4271-8C0C-8AB47A688DC0}.Debug|iPhoneSimulator.Deploy.0 = Debug|Any CPU
		{1F263DD5-BA46-4271-8C0C-8AB47A688DC0}.Release|Any CPU.ActiveCfg = Release|Any CPU
		{1F263DD5-BA46-4271-8C0C-8AB47A688DC0}.Release|Any CPU.Build.0 = Release|Any CPU
		{1F263DD5-BA46-4271-8C0C-8AB47A688DC0}.Release|Any CPU.Deploy.0 = Release|Any CPU
		{1F263DD5-BA46-4271-8C0C-8AB47A688DC0}.Release|iPhone.ActiveCfg = Release|Any CPU
		{1F263DD5-BA46-4271-8C0C-8AB47A688DC0}.Release|iPhone.Build.0 = Release|Any CPU
		{1F263DD5-BA46-4271-8C0C-8AB47A688DC0}.Release|iPhone.Deploy.0 = Release|Any CPU
		{1F263DD5-BA46-4271-8C0C-8AB47A688DC0}.Release|iPhoneSimulator.ActiveCfg = Release|Any CPU
		{1F263DD5-BA46-4271-8C0C-8AB47A688DC0}.Release|iPhoneSimulator.Build.0 = Release|Any CPU
		{1F263DD5-BA46-4271-8C0C-8AB47A688DC0}.Release|iPhoneSimulator.Deploy.0 = Release|Any CPU
	EndGlobalSection
	GlobalSection(SolutionProperties) = preSolution
		HideSolutionNode = FALSE
	EndGlobalSection
	GlobalSection(ExtensibilityGlobals) = postSolution
		SolutionGuid = {927CC0FB-3E08-4B20-B857-5DEE62711CEC}
	EndGlobalSection
EndGlobal
