
Microsoft Visual Studio Solution File, Format Version 12.00
# Visual Studio Version 16
VisualStudioVersion = 16.0.29411.108
MinimumVisualStudioVersion = 10.0.40219.1
Project("{FAE04EC0-301F-11D3-BF4B-00C04F79EFBC}") = "BTVN_C3.Android", "BTVN_C3\BTVN_C3.Android\BTVN_C3.Android.csproj", "{34E1E26B-6CE6-4CA0-A09C-4B2BA8503725}"
EndProject
Project("{FAE04EC0-301F-11D3-BF4B-00C04F79EFBC}") = "BTVN_C3.iOS", "BTVN_C3\BTVN_C3.iOS\BTVN_C3.iOS.csproj", "{3230A2FB-4E2F-4BB1-8479-A4586C816EB2}"
EndProject
Project("{FAE04EC0-301F-11D3-BF4B-00C04F79EFBC}") = "BTVN_C3", "BTVN_C3\BTVN_C3\BTVN_C3.csproj", "{3CED9138-91F8-4E6A-B373-99C634A4A001}"
EndProject
Global
	GlobalSection(SolutionConfigurationPlatforms) = preSolution
		Debug|Any CPU = Debug|Any CPU
		Debug|iPhone = Debug|iPhone
		Debug|iPhoneSimulator = Debug|iPhoneSimulator
		Release|Any CPU = Release|Any CPU
		Release|iPhone = Release|iPhone
		Release|iPhoneSimulator = Release|iPhoneSimulator
	EndGlobalSection
	GlobalSection(ProjectConfigurationPlatforms) = postSolution
		{34E1E26B-6CE6-4CA0-A09C-4B2BA8503725}.Debug|Any CPU.ActiveCfg = Debug|Any CPU
		{34E1E26B-6CE6-4CA0-A09C-4B2BA8503725}.Debug|Any CPU.Build.0 = Debug|Any CPU
		{34E1E26B-6CE6-4CA0-A09C-4B2BA8503725}.Debug|Any CPU.Deploy.0 = Debug|Any CPU
		{34E1E26B-6CE6-4CA0-A09C-4B2BA8503725}.Debug|iPhone.ActiveCfg = Debug|Any CPU
		{34E1E26B-6CE6-4CA0-A09C-4B2BA8503725}.Debug|iPhone.Build.0 = Debug|Any CPU
		{34E1E26B-6CE6-4CA0-A09C-4B2BA8503725}.Debug|iPhone.Deploy.0 = Debug|Any CPU
		{34E1E26B-6CE6-4CA0-A09C-4B2BA8503725}.Debug|iPhoneSimulator.ActiveCfg = Debug|Any CPU
		{34E1E26B-6CE6-4CA0-A09C-4B2BA8503725}.Debug|iPhoneSimulator.Build.0 = Debug|Any CPU
		{34E1E26B-6CE6-4CA0-A09C-4B2BA8503725}.Debug|iPhoneSimulator.Deploy.0 = Debug|Any CPU
		{34E1E26B-6CE6-4CA0-A09C-4B2BA8503725}.Release|Any CPU.ActiveCfg = Release|Any CPU
		{34E1E26B-6CE6-4CA0-A09C-4B2BA8503725}.Release|Any CPU.Build.0 = Release|Any CPU
		{34E1E26B-6CE6-4CA0-A09C-4B2BA8503725}.Release|Any CPU.Deploy.0 = Release|Any CPU
		{34E1E26B-6CE6-4CA0-A09C-4B2BA8503725}.Release|iPhone.ActiveCfg = Release|Any CPU
		{34E1E26B-6CE6-4CA0-A09C-4B2BA8503725}.Release|iPhone.Build.0 = Release|Any CPU
		{34E1E26B-6CE6-4CA0-A09C-4B2BA8503725}.Release|iPhone.Deploy.0 = Release|Any CPU
		{34E1E26B-6CE6-4CA0-A09C-4B2BA8503725}.Release|iPhoneSimulator.ActiveCfg = Release|Any CPU
		{34E1E26B-6CE6-4CA0-A09C-4B2BA8503725}.Release|iPhoneSimulator.Build.0 = Release|Any CPU
		{34E1E26B-6CE6-4CA0-A09C-4B2BA8503725}.Release|iPhoneSimulator.Deploy.0 = Release|Any CPU
		{3230A2FB-4E2F-4BB1-8479-A4586C816EB2}.Debug|Any CPU.ActiveCfg = Debug|iPhoneSimulator
		{3230A2FB-4E2F-4BB1-8479-A4586C816EB2}.Debug|Any CPU.Build.0 = Debug|iPhoneSimulator
		{3230A2FB-4E2F-4BB1-8479-A4586C816EB2}.Debug|Any CPU.Deploy.0 = Debug|iPhoneSimulator
		{3230A2FB-4E2F-4BB1-8479-A4586C816EB2}.Debug|iPhone.ActiveCfg = Debug|iPhone
		{3230A2FB-4E2F-4BB1-8479-A4586C816EB2}.Debug|iPhone.Build.0 = Debug|iPhone
		{3230A2FB-4E2F-4BB1-8479-A4586C816EB2}.Debug|iPhone.Deploy.0 = Debug|iPhone
		{3230A2FB-4E2F-4BB1-8479-A4586C816EB2}.Debug|iPhoneSimulator.ActiveCfg = Debug|iPhoneSimulator
		{3230A2FB-4E2F-4BB1-8479-A4586C816EB2}.Debug|iPhoneSimulator.Build.0 = Debug|iPhoneSimulator
		{3230A2FB-4E2F-4BB1-8479-A4586C816EB2}.Debug|iPhoneSimulator.Deploy.0 = Debug|iPhoneSimulator
		{3230A2FB-4E2F-4BB1-8479-A4586C816EB2}.Release|Any CPU.ActiveCfg = Release|iPhone
		{3230A2FB-4E2F-4BB1-8479-A4586C816EB2}.Release|Any CPU.Build.0 = Release|iPhone
		{3230A2FB-4E2F-4BB1-8479-A4586C816EB2}.Release|Any CPU.Deploy.0 = Release|iPhone
		{3230A2FB-4E2F-4BB1-8479-A4586C816EB2}.Release|iPhone.ActiveCfg = Release|iPhone
		{3230A2FB-4E2F-4BB1-8479-A4586C816EB2}.Release|iPhone.Build.0 = Release|iPhone
		{3230A2FB-4E2F-4BB1-8479-A4586C816EB2}.Release|iPhone.Deploy.0 = Release|iPhone
		{3230A2FB-4E2F-4BB1-8479-A4586C816EB2}.Release|iPhoneSimulator.ActiveCfg = Release|iPhoneSimulator
		{3230A2FB-4E2F-4BB1-8479-A4586C816EB2}.Release|iPhoneSimulator.Build.0 = Release|iPhoneSimulator
		{3230A2FB-4E2F-4BB1-8479-A4586C816EB2}.Release|iPhoneSimulator.Deploy.0 = Release|iPhoneSimulator
		{3CED9138-91F8-4E6A-B373-99C634A4A001}.Debug|Any CPU.ActiveCfg = Debug|Any CPU
		{3CED9138-91F8-4E6A-B373-99C634A4A001}.Debug|Any CPU.Build.0 = Debug|Any CPU
		{3CED9138-91F8-4E6A-B373-99C634A4A001}.Debug|Any CPU.Deploy.0 = Debug|Any CPU
		{3CED9138-91F8-4E6A-B373-99C634A4A001}.Debug|iPhone.ActiveCfg = Debug|Any CPU
		{3CED9138-91F8-4E6A-B373-99C634A4A001}.Debug|iPhone.Build.0 = Debug|Any CPU
		{3CED9138-91F8-4E6A-B373-99C634A4A001}.Debug|iPhone.Deploy.0 = Debug|Any CPU
		{3CED9138-91F8-4E6A-B373-99C634A4A001}.Debug|iPhoneSimulator.ActiveCfg = Debug|Any CPU
		{3CED9138-91F8-4E6A-B373-99C634A4A001}.Debug|iPhoneSimulator.Build.0 = Debug|Any CPU
		{3CED9138-91F8-4E6A-B373-99C634A4A001}.Debug|iPhoneSimulator.Deploy.0 = Debug|Any CPU
		{3CED9138-91F8-4E6A-B373-99C634A4A001}.Release|Any CPU.ActiveCfg = Release|Any CPU
		{3CED9138-91F8-4E6A-B373-99C634A4A001}.Release|Any CPU.Build.0 = Release|Any CPU
		{3CED9138-91F8-4E6A-B373-99C634A4A001}.Release|Any CPU.Deploy.0 = Release|Any CPU
		{3CED9138-91F8-4E6A-B373-99C634A4A001}.Release|iPhone.ActiveCfg = Release|Any CPU
		{3CED9138-91F8-4E6A-B373-99C634A4A001}.Release|iPhone.Build.0 = Release|Any CPU
		{3CED9138-91F8-4E6A-B373-99C634A4A001}.Release|iPhone.Deploy.0 = Release|Any CPU
		{3CED9138-91F8-4E6A-B373-99C634A4A001}.Release|iPhoneSimulator.ActiveCfg = Release|Any CPU
		{3CED9138-91F8-4E6A-B373-99C634A4A001}.Release|iPhoneSimulator.Build.0 = Release|Any CPU
		{3CED9138-91F8-4E6A-B373-99C634A4A001}.Release|iPhoneSimulator.Deploy.0 = Release|Any CPU
	EndGlobalSection
	GlobalSection(SolutionProperties) = preSolution
		HideSolutionNode = FALSE
	EndGlobalSection
	GlobalSection(ExtensibilityGlobals) = postSolution
		SolutionGuid = {5ADF0DDD-663D-4DEF-B561-11E70FE486A0}
	EndGlobalSection
EndGlobal
