
Microsoft Visual Studio Solution File, Format Version 12.00
# Visual Studio Version 16
VisualStudioVersion = 16.0.29411.108
MinimumVisualStudioVersion = 10.0.40219.1
Project("{FAE04EC0-301F-11D3-BF4B-00C04F79EFBC}") = "BTVN_C5.Android", "BTVN_C5\BTVN_C5.Android\BTVN_C5.Android.csproj", "{7E03BEF2-6EE1-46A1-ACFE-21A1756D08F1}"
EndProject
Project("{FAE04EC0-301F-11D3-BF4B-00C04F79EFBC}") = "BTVN_C5.iOS", "BTVN_C5\BTVN_C5.iOS\BTVN_C5.iOS.csproj", "{5AF4D9AF-92DB-429C-BEE4-8EAE25B5AED2}"
EndProject
Project("{FAE04EC0-301F-11D3-BF4B-00C04F79EFBC}") = "BTVN_C5", "BTVN_C5\BTVN_C5\BTVN_C5.csproj", "{8BCDBE12-B660-47EE-B7D8-4FB677ACE9F7}"
EndProject
Global
	GlobalSection(SolutionConfigurationPlatforms) = preSolution
		Debug|Any CPU = Debug|Any CPU
		Debug|iPhone = Debug|iPhone
		Debug|iPhoneSimulator = Debug|iPhoneSimulator
		Release|Any CPU = Release|Any CPU
		Release|iPhone = Release|iPhone
		Release|iPhoneSimulator = Release|iPhoneSimulator
	EndGlobalSection
	GlobalSection(ProjectConfigurationPlatforms) = postSolution
		{7E03BEF2-6EE1-46A1-ACFE-21A1756D08F1}.Debug|Any CPU.ActiveCfg = Debug|Any CPU
		{7E03BEF2-6EE1-46A1-ACFE-21A1756D08F1}.Debug|Any CPU.Build.0 = Debug|Any CPU
		{7E03BEF2-6EE1-46A1-ACFE-21A1756D08F1}.Debug|Any CPU.Deploy.0 = Debug|Any CPU
		{7E03BEF2-6EE1-46A1-ACFE-21A1756D08F1}.Debug|iPhone.ActiveCfg = Debug|Any CPU
		{7E03BEF2-6EE1-46A1-ACFE-21A1756D08F1}.Debug|iPhone.Build.0 = Debug|Any CPU
		{7E03BEF2-6EE1-46A1-ACFE-21A1756D08F1}.Debug|iPhone.Deploy.0 = Debug|Any CPU
		{7E03BEF2-6EE1-46A1-ACFE-21A1756D08F1}.Debug|iPhoneSimulator.ActiveCfg = Debug|Any CPU
		{7E03BEF2-6EE1-46A1-ACFE-21A1756D08F1}.Debug|iPhoneSimulator.Build.0 = Debug|Any CPU
		{7E03BEF2-6EE1-46A1-ACFE-21A1756D08F1}.Debug|iPhoneSimulator.Deploy.0 = Debug|Any CPU
		{7E03BEF2-6EE1-46A1-ACFE-21A1756D08F1}.Release|Any CPU.ActiveCfg = Release|Any CPU
		{7E03BEF2-6EE1-46A1-ACFE-21A1756D08F1}.Release|Any CPU.Build.0 = Release|Any CPU
		{7E03BEF2-6EE1-46A1-ACFE-21A1756D08F1}.Release|Any CPU.Deploy.0 = Release|Any CPU
		{7E03BEF2-6EE1-46A1-ACFE-21A1756D08F1}.Release|iPhone.ActiveCfg = Release|Any CPU
		{7E03BEF2-6EE1-46A1-ACFE-21A1756D08F1}.Release|iPhone.Build.0 = Release|Any CPU
		{7E03BEF2-6EE1-46A1-ACFE-21A1756D08F1}.Release|iPhone.Deploy.0 = Release|Any CPU
		{7E03BEF2-6EE1-46A1-ACFE-21A1756D08F1}.Release|iPhoneSimulator.ActiveCfg = Release|Any CPU
		{7E03BEF2-6EE1-46A1-ACFE-21A1756D08F1}.Release|iPhoneSimulator.Build.0 = Release|Any CPU
		{7E03BEF2-6EE1-46A1-ACFE-21A1756D08F1}.Release|iPhoneSimulator.Deploy.0 = Release|Any CPU
		{5AF4D9AF-92DB-429C-BEE4-8EAE25B5AED2}.Debug|Any CPU.ActiveCfg = Debug|iPhoneSimulator
		{5AF4D9AF-92DB-429C-BEE4-8EAE25B5AED2}.Debug|Any CPU.Build.0 = Debug|iPhoneSimulator
		{5AF4D9AF-92DB-429C-BEE4-8EAE25B5AED2}.Debug|Any CPU.Deploy.0 = Debug|iPhoneSimulator
		{5AF4D9AF-92DB-429C-BEE4-8EAE25B5AED2}.Debug|iPhone.ActiveCfg = Debug|iPhone
		{5AF4D9AF-92DB-429C-BEE4-8EAE25B5AED2}.Debug|iPhone.Build.0 = Debug|iPhone
		{5AF4D9AF-92DB-429C-BEE4-8EAE25B5AED2}.Debug|iPhone.Deploy.0 = Debug|iPhone
		{5AF4D9AF-92DB-429C-BEE4-8EAE25B5AED2}.Debug|iPhoneSimulator.ActiveCfg = Debug|iPhoneSimulator
		{5AF4D9AF-92DB-429C-BEE4-8EAE25B5AED2}.Debug|iPhoneSimulator.Build.0 = Debug|iPhoneSimulator
		{5AF4D9AF-92DB-429C-BEE4-8EAE25B5AED2}.Debug|iPhoneSimulator.Deploy.0 = Debug|iPhoneSimulator
		{5AF4D9AF-92DB-429C-BEE4-8EAE25B5AED2}.Release|Any CPU.ActiveCfg = Release|iPhone
		{5AF4D9AF-92DB-429C-BEE4-8EAE25B5AED2}.Release|Any CPU.Build.0 = Release|iPhone
		{5AF4D9AF-92DB-429C-BEE4-8EAE25B5AED2}.Release|Any CPU.Deploy.0 = Release|iPhone
		{5AF4D9AF-92DB-429C-BEE4-8EAE25B5AED2}.Release|iPhone.ActiveCfg = Release|iPhone
		{5AF4D9AF-92DB-429C-BEE4-8EAE25B5AED2}.Release|iPhone.Build.0 = Release|iPhone
		{5AF4D9AF-92DB-429C-BEE4-8EAE25B5AED2}.Release|iPhone.Deploy.0 = Release|iPhone
		{5AF4D9AF-92DB-429C-BEE4-8EAE25B5AED2}.Release|iPhoneSimulator.ActiveCfg = Release|iPhoneSimulator
		{5AF4D9AF-92DB-429C-BEE4-8EAE25B5AED2}.Release|iPhoneSimulator.Build.0 = Release|iPhoneSimulator
		{5AF4D9AF-92DB-429C-BEE4-8EAE25B5AED2}.Release|iPhoneSimulator.Deploy.0 = Release|iPhoneSimulator
		{8BCDBE12-B660-47EE-B7D8-4FB677ACE9F7}.Debug|Any CPU.ActiveCfg = Debug|Any CPU
		{8BCDBE12-B660-47EE-B7D8-4FB677ACE9F7}.Debug|Any CPU.Build.0 = Debug|Any CPU
		{8BCDBE12-B660-47EE-B7D8-4FB677ACE9F7}.Debug|Any CPU.Deploy.0 = Debug|Any CPU
		{8BCDBE12-B660-47EE-B7D8-4FB677ACE9F7}.Debug|iPhone.ActiveCfg = Debug|Any CPU
		{8BCDBE12-B660-47EE-B7D8-4FB677ACE9F7}.Debug|iPhone.Build.0 = Debug|Any CPU
		{8BCDBE12-B660-47EE-B7D8-4FB677ACE9F7}.Debug|iPhone.Deploy.0 = Debug|Any CPU
		{8BCDBE12-B660-47EE-B7D8-4FB677ACE9F7}.Debug|iPhoneSimulator.ActiveCfg = Debug|Any CPU
		{8BCDBE12-B660-47EE-B7D8-4FB677ACE9F7}.Debug|iPhoneSimulator.Build.0 = Debug|Any CPU
		{8BCDBE12-B660-47EE-B7D8-4FB677ACE9F7}.Debug|iPhoneSimulator.Deploy.0 = Debug|Any CPU
		{8BCDBE12-B660-47EE-B7D8-4FB677ACE9F7}.Release|Any CPU.ActiveCfg = Release|Any CPU
		{8BCDBE12-B660-47EE-B7D8-4FB677ACE9F7}.Release|Any CPU.Build.0 = Release|Any CPU
		{8BCDBE12-B660-47EE-B7D8-4FB677ACE9F7}.Release|Any CPU.Deploy.0 = Release|Any CPU
		{8BCDBE12-B660-47EE-B7D8-4FB677ACE9F7}.Release|iPhone.ActiveCfg = Release|Any CPU
		{8BCDBE12-B660-47EE-B7D8-4FB677ACE9F7}.Release|iPhone.Build.0 = Release|Any CPU
		{8BCDBE12-B660-47EE-B7D8-4FB677ACE9F7}.Release|iPhone.Deploy.0 = Release|Any CPU
		{8BCDBE12-B660-47EE-B7D8-4FB677ACE9F7}.Release|iPhoneSimulator.ActiveCfg = Release|Any CPU
		{8BCDBE12-B660-47EE-B7D8-4FB677ACE9F7}.Release|iPhoneSimulator.Build.0 = Release|Any CPU
		{8BCDBE12-B660-47EE-B7D8-4FB677ACE9F7}.Release|iPhoneSimulator.Deploy.0 = Release|Any CPU
	EndGlobalSection
	GlobalSection(SolutionProperties) = preSolution
		HideSolutionNode = FALSE
	EndGlobalSection
	GlobalSection(ExtensibilityGlobals) = postSolution
		SolutionGuid = {5C305C82-A536-4726-B9FF-EC4E7476ADC5}
	EndGlobalSection
EndGlobal
