
Microsoft Visual Studio Solution File, Format Version 12.00
# Visual Studio Version 16
VisualStudioVersion = 16.0.29411.108
MinimumVisualStudioVersion = 10.0.40219.1
Project("{FAE04EC0-301F-11D3-BF4B-00C04F79EFBC}") = "BTVN_C4.Android", "BTVN_C4\BTVN_C4.Android\BTVN_C4.Android.csproj", "{7029603F-771E-461A-8DA5-B40264DF9DC3}"
EndProject
Project("{FAE04EC0-301F-11D3-BF4B-00C04F79EFBC}") = "BTVN_C4.iOS", "BTVN_C4\BTVN_C4.iOS\BTVN_C4.iOS.csproj", "{5671A286-B84A-4DB7-875B-566EC5C769B6}"
EndProject
Project("{FAE04EC0-301F-11D3-BF4B-00C04F79EFBC}") = "BTVN_C4", "BTVN_C4\BTVN_C4\BTVN_C4.csproj", "{15F8A3D4-F4D1-4B65-8823-F19317BC0768}"
EndProject
Global
	GlobalSection(SolutionConfigurationPlatforms) = preSolution
		Debug|Any CPU = Debug|Any CPU
		Debug|iPhone = Debug|iPhone
		Debug|iPhoneSimulator = Debug|iPhoneSimulator
		Release|Any CPU = Release|Any CPU
		Release|iPhone = Release|iPhone
		Release|iPhoneSimulator = Release|iPhoneSimulator
	EndGlobalSection
	GlobalSection(ProjectConfigurationPlatforms) = postSolution
		{7029603F-771E-461A-8DA5-B40264DF9DC3}.Debug|Any CPU.ActiveCfg = Debug|Any CPU
		{7029603F-771E-461A-8DA5-B40264DF9DC3}.Debug|Any CPU.Build.0 = Debug|Any CPU
		{7029603F-771E-461A-8DA5-B40264DF9DC3}.Debug|Any CPU.Deploy.0 = Debug|Any CPU
		{7029603F-771E-461A-8DA5-B40264DF9DC3}.Debug|iPhone.ActiveCfg = Debug|Any CPU
		{7029603F-771E-461A-8DA5-B40264DF9DC3}.Debug|iPhone.Build.0 = Debug|Any CPU
		{7029603F-771E-461A-8DA5-B40264DF9DC3}.Debug|iPhone.Deploy.0 = Debug|Any CPU
		{7029603F-771E-461A-8DA5-B40264DF9DC3}.Debug|iPhoneSimulator.ActiveCfg = Debug|Any CPU
		{7029603F-771E-461A-8DA5-B40264DF9DC3}.Debug|iPhoneSimulator.Build.0 = Debug|Any CPU
		{7029603F-771E-461A-8DA5-B40264DF9DC3}.Debug|iPhoneSimulator.Deploy.0 = Debug|Any CPU
		{7029603F-771E-461A-8DA5-B40264DF9DC3}.Release|Any CPU.ActiveCfg = Release|Any CPU
		{7029603F-771E-461A-8DA5-B40264DF9DC3}.Release|Any CPU.Build.0 = Release|Any CPU
		{7029603F-771E-461A-8DA5-B40264DF9DC3}.Release|Any CPU.Deploy.0 = Release|Any CPU
		{7029603F-771E-461A-8DA5-B40264DF9DC3}.Release|iPhone.ActiveCfg = Release|Any CPU
		{7029603F-771E-461A-8DA5-B40264DF9DC3}.Release|iPhone.Build.0 = Release|Any CPU
		{7029603F-771E-461A-8DA5-B40264DF9DC3}.Release|iPhone.Deploy.0 = Release|Any CPU
		{7029603F-771E-461A-8DA5-B40264DF9DC3}.Release|iPhoneSimulator.ActiveCfg = Release|Any CPU
		{7029603F-771E-461A-8DA5-B40264DF9DC3}.Release|iPhoneSimulator.Build.0 = Release|Any CPU
		{7029603F-771E-461A-8DA5-B40264DF9DC3}.Release|iPhoneSimulator.Deploy.0 = Release|Any CPU
		{5671A286-B84A-4DB7-875B-566EC5C769B6}.Debug|Any CPU.ActiveCfg = Debug|iPhoneSimulator
		{5671A286-B84A-4DB7-875B-566EC5C769B6}.Debug|Any CPU.Build.0 = Debug|iPhoneSimulator
		{5671A286-B84A-4DB7-875B-566EC5C769B6}.Debug|Any CPU.Deploy.0 = Debug|iPhoneSimulator
		{5671A286-B84A-4DB7-875B-566EC5C769B6}.Debug|iPhone.ActiveCfg = Debug|iPhone
		{5671A286-B84A-4DB7-875B-566EC5C769B6}.Debug|iPhone.Build.0 = Debug|iPhone
		{5671A286-B84A-4DB7-875B-566EC5C769B6}.Debug|iPhone.Deploy.0 = Debug|iPhone
		{5671A286-B84A-4DB7-875B-566EC5C769B6}.Debug|iPhoneSimulator.ActiveCfg = Debug|iPhoneSimulator
		{5671A286-B84A-4DB7-875B-566EC5C769B6}.Debug|iPhoneSimulator.Build.0 = Debug|iPhoneSimulator
		{5671A286-B84A-4DB7-875B-566EC5C769B6}.Debug|iPhoneSimulator.Deploy.0 = Debug|iPhoneSimulator
		{5671A286-B84A-4DB7-875B-566EC5C769B6}.Release|Any CPU.ActiveCfg = Release|iPhone
		{5671A286-B84A-4DB7-875B-566EC5C769B6}.Release|Any CPU.Build.0 = Release|iPhone
		{5671A286-B84A-4DB7-875B-566EC5C769B6}.Release|Any CPU.Deploy.0 = Release|iPhone
		{5671A286-B84A-4DB7-875B-566EC5C769B6}.Release|iPhone.ActiveCfg = Release|iPhone
		{5671A286-B84A-4DB7-875B-566EC5C769B6}.Release|iPhone.Build.0 = Release|iPhone
		{5671A286-B84A-4DB7-875B-566EC5C769B6}.Release|iPhone.Deploy.0 = Release|iPhone
		{5671A286-B84A-4DB7-875B-566EC5C769B6}.Release|iPhoneSimulator.ActiveCfg = Release|iPhoneSimulator
		{5671A286-B84A-4DB7-875B-566EC5C769B6}.Release|iPhoneSimulator.Build.0 = Release|iPhoneSimulator
		{5671A286-B84A-4DB7-875B-566EC5C769B6}.Release|iPhoneSimulator.Deploy.0 = Release|iPhoneSimulator
		{15F8A3D4-F4D1-4B65-8823-F19317BC0768}.Debug|Any CPU.ActiveCfg = Debug|Any CPU
		{15F8A3D4-F4D1-4B65-8823-F19317BC0768}.Debug|Any CPU.Build.0 = Debug|Any CPU
		{15F8A3D4-F4D1-4B65-8823-F19317BC0768}.Debug|Any CPU.Deploy.0 = Debug|Any CPU
		{15F8A3D4-F4D1-4B65-8823-F19317BC0768}.Debug|iPhone.ActiveCfg = Debug|Any CPU
		{15F8A3D4-F4D1-4B65-8823-F19317BC0768}.Debug|iPhone.Build.0 = Debug|Any CPU
		{15F8A3D4-F4D1-4B65-8823-F19317BC0768}.Debug|iPhone.Deploy.0 = Debug|Any CPU
		{15F8A3D4-F4D1-4B65-8823-F19317BC0768}.Debug|iPhoneSimulator.ActiveCfg = Debug|Any CPU
		{15F8A3D4-F4D1-4B65-8823-F19317BC0768}.Debug|iPhoneSimulator.Build.0 = Debug|Any CPU
		{15F8A3D4-F4D1-4B65-8823-F19317BC0768}.Debug|iPhoneSimulator.Deploy.0 = Debug|Any CPU
		{15F8A3D4-F4D1-4B65-8823-F19317BC0768}.Release|Any CPU.ActiveCfg = Release|Any CPU
		{15F8A3D4-F4D1-4B65-8823-F19317BC0768}.Release|Any CPU.Build.0 = Release|Any CPU
		{15F8A3D4-F4D1-4B65-8823-F19317BC0768}.Release|Any CPU.Deploy.0 = Release|Any CPU
		{15F8A3D4-F4D1-4B65-8823-F19317BC0768}.Release|iPhone.ActiveCfg = Release|Any CPU
		{15F8A3D4-F4D1-4B65-8823-F19317BC0768}.Release|iPhone.Build.0 = Release|Any CPU
		{15F8A3D4-F4D1-4B65-8823-F19317BC0768}.Release|iPhone.Deploy.0 = Release|Any CPU
		{15F8A3D4-F4D1-4B65-8823-F19317BC0768}.Release|iPhoneSimulator.ActiveCfg = Release|Any CPU
		{15F8A3D4-F4D1-4B65-8823-F19317BC0768}.Release|iPhoneSimulator.Build.0 = Release|Any CPU
		{15F8A3D4-F4D1-4B65-8823-F19317BC0768}.Release|iPhoneSimulator.Deploy.0 = Release|Any CPU
	EndGlobalSection
	GlobalSection(SolutionProperties) = preSolution
		HideSolutionNode = FALSE
	EndGlobalSection
	GlobalSection(ExtensibilityGlobals) = postSolution
		SolutionGuid = {0ACF1E9A-6244-496A-927B-CA79F98B1561}
	EndGlobalSection
EndGlobal
